
Microsoft Visual Studio Solution File, Format Version 12.00
Project("{FAE04EC0-301F-11D3-BF4B-00C04F79EFBC}") = "GhostBusters", "GhostBusters\GhostBusters.csproj", "{E6DAB9CF-E8A7-4B00-A2C6-81D75FF690E8}"
EndProject
Global
	GlobalSection(SolutionConfigurationPlatforms) = preSolution
		Debug|Any CPU = Debug|Any CPU
		Release|Any CPU = Release|Any CPU
	EndGlobalSection
	GlobalSection(ProjectConfigurationPlatforms) = postSolution
		{E6DAB9CF-E8A7-4B00-A2C6-81D75FF690E8}.Debug|Any CPU.ActiveCfg = Debug|Any CPU
		{E6DAB9CF-E8A7-4B00-A2C6-81D75FF690E8}.Debug|Any CPU.Build.0 = Debug|Any CPU
		{E6DAB9CF-E8A7-4B00-A2C6-81D75FF690E8}.Release|Any CPU.ActiveCfg = Release|Any CPU
		{E6DAB9CF-E8A7-4B00-A2C6-81D75FF690E8}.Release|Any CPU.Build.0 = Release|Any CPU
	EndGlobalSection
EndGlobal
